
Microsoft Visual Studio Solution File, Format Version 12.00
# Visual Studio 15
VisualStudioVersion = 15.0.28010.2046
MinimumVisualStudioVersion = 10.0.40219.1
Project("{FAE04EC0-301F-11D3-BF4B-00C04F79EFBC}") = "Manager", "Manager\Manager.csproj", "{43FC7DB3-9C91-4D5C-BDAA-CE0C7BEFAE23}"
EndProject
Global
	GlobalSection(SolutionConfigurationPlatforms) = preSolution
		Debug|Any CPU = Debug|Any CPU
		Release|Any CPU = Release|Any CPU
	EndGlobalSection
	GlobalSection(ProjectConfigurationPlatforms) = postSolution
		{43FC7DB3-9C91-4D5C-BDAA-CE0C7BEFAE23}.Debug|Any CPU.ActiveCfg = Debug|Any CPU
		{43FC7DB3-9C91-4D5C-BDAA-CE0C7BEFAE23}.Debug|Any CPU.Build.0 = Debug|Any CPU
		{43FC7DB3-9C91-4D5C-BDAA-CE0C7BEFAE23}.Release|Any CPU.ActiveCfg = Release|Any CPU
		{43FC7DB3-9C91-4D5C-BDAA-CE0C7BEFAE23}.Release|Any CPU.Build.0 = Release|Any CPU
	EndGlobalSection
	GlobalSection(SolutionProperties) = preSolution
		HideSolutionNode = FALSE
	EndGlobalSection
	GlobalSection(ExtensibilityGlobals) = postSolution
		SolutionGuid = {B44BE1EF-33F4-444B-8436-C8F52A1E0B97}
	EndGlobalSection
EndGlobal
